
Microsoft Visual Studio Solution File, Format Version 12.00
# Visual Studio Version 17
VisualStudioVersion = 17.2.32616.157
MinimumVisualStudioVersion = 10.0.40219.1
Project("{8BC9CEB8-8B4A-11D0-8D11-00A0C91BC942}") = "Project1", "Project1\Project1.vcxproj", "{C0DAFF80-5020-408A-B7B7-A3F7C52BB18E}"
EndProject
Global
	GlobalSection(SolutionConfigurationPlatforms) = preSolution
		Debug|x64 = Debug|x64
		Debug|x86 = Debug|x86
		Release|x64 = Release|x64
		Release|x86 = Release|x86
	EndGlobalSection
	GlobalSection(ProjectConfigurationPlatforms) = postSolution
		{C0DAFF80-5020-408A-B7B7-A3F7C52BB18E}.Debug|x64.ActiveCfg = Debug|x64
		{C0DAFF80-5020-408A-B7B7-A3F7C52BB18E}.Debug|x64.Build.0 = Debug|x64
		{C0DAFF80-5020-408A-B7B7-A3F7C52BB18E}.Debug|x86.ActiveCfg = Debug|Win32
		{C0DAFF80-5020-408A-B7B7-A3F7C52BB18E}.Debug|x86.Build.0 = Debug|Win32
		{C0DAFF80-5020-408A-B7B7-A3F7C52BB18E}.Release|x64.ActiveCfg = Release|x64
		{C0DAFF80-5020-408A-B7B7-A3F7C52BB18E}.Release|x64.Build.0 = Release|x64
		{C0DAFF80-5020-408A-B7B7-A3F7C52BB18E}.Release|x86.ActiveCfg = Release|Win32
		{C0DAFF80-5020-408A-B7B7-A3F7C52BB18E}.Release|x86.Build.0 = Release|Win32
	EndGlobalSection
	GlobalSection(SolutionProperties) = preSolution
		HideSolutionNode = FALSE
	EndGlobalSection
	GlobalSection(ExtensibilityGlobals) = postSolution
		SolutionGuid = {409089C2-991E-4E72-B344-CD585F548BC8}
	EndGlobalSection
EndGlobal
